
Microsoft Visual Studio Solution File, Format Version 12.00
# Visual Studio Version 17
VisualStudioVersion = 17.2.32616.157
MinimumVisualStudioVersion = 10.0.40219.1
Project("{9A19103F-16F7-4668-BE54-9A1E7A4F7556}") = "Luau.Net-TestApp", "Luau.Net-TestApp\Luau.Net-TestApp.csproj", "{FEA0F2ED-9BCC-4610-B9C9-D20F2D460D76}"
EndProject
Global
	GlobalSection(SolutionConfigurationPlatforms) = preSolution
		Debug|x64 = Debug|x64
		Debug|x86 = Debug|x86
		Release|x64 = Release|x64
		Release|x86 = Release|x86
	EndGlobalSection
	GlobalSection(ProjectConfigurationPlatforms) = postSolution
		{FEA0F2ED-9BCC-4610-B9C9-D20F2D460D76}.Debug|x64.ActiveCfg = Debug|x64
		{FEA0F2ED-9BCC-4610-B9C9-D20F2D460D76}.Debug|x64.Build.0 = Debug|x64
		{FEA0F2ED-9BCC-4610-B9C9-D20F2D460D76}.Debug|x86.ActiveCfg = Debug|x86
		{FEA0F2ED-9BCC-4610-B9C9-D20F2D460D76}.Debug|x86.Build.0 = Debug|x86
		{FEA0F2ED-9BCC-4610-B9C9-D20F2D460D76}.Release|x64.ActiveCfg = Release|x64
		{FEA0F2ED-9BCC-4610-B9C9-D20F2D460D76}.Release|x64.Build.0 = Release|x64
		{FEA0F2ED-9BCC-4610-B9C9-D20F2D460D76}.Release|x86.ActiveCfg = Release|x86
		{FEA0F2ED-9BCC-4610-B9C9-D20F2D460D76}.Release|x86.Build.0 = Release|x86
	EndGlobalSection
	GlobalSection(SolutionProperties) = preSolution
		HideSolutionNode = FALSE
	EndGlobalSection
	GlobalSection(ExtensibilityGlobals) = postSolution
		SolutionGuid = {8B3A7E07-9F60-4692-AFC9-CF2DA4C64DE0}
	EndGlobalSection
EndGlobal
